
Microsoft Visual Studio Solution File, Format Version 12.00
# Visual Studio Version 17
VisualStudioVersion = 17.10.35201.131
MinimumVisualStudioVersion = 10.0.40219.1
Project("{FAE04EC0-301F-11D3-BF4B-00C04F79EFBC}") = "CQRSTesting", "CQRSTesting\CQRSTesting.csproj", "{680DC56F-C944-4ED9-B9EE-79A3DA7B56C6}"
EndProject
Global
	GlobalSection(SolutionConfigurationPlatforms) = preSolution
		Debug|Any CPU = Debug|Any CPU
		Release|Any CPU = Release|Any CPU
	EndGlobalSection
	GlobalSection(ProjectConfigurationPlatforms) = postSolution
		{680DC56F-C944-4ED9-B9EE-79A3DA7B56C6}.Debug|Any CPU.ActiveCfg = Debug|Any CPU
		{680DC56F-C944-4ED9-B9EE-79A3DA7B56C6}.Debug|Any CPU.Build.0 = Debug|Any CPU
		{680DC56F-C944-4ED9-B9EE-79A3DA7B56C6}.Release|Any CPU.ActiveCfg = Release|Any CPU
		{680DC56F-C944-4ED9-B9EE-79A3DA7B56C6}.Release|Any CPU.Build.0 = Release|Any CPU
	EndGlobalSection
	GlobalSection(SolutionProperties) = preSolution
		HideSolutionNode = FALSE
	EndGlobalSection
	GlobalSection(ExtensibilityGlobals) = postSolution
		SolutionGuid = {AF45CC5A-1583-4A5E-9FF1-6E553579A145}
	EndGlobalSection
EndGlobal
